// !$*UTF8*$!
{
	archiveVersion = 1;
	classes = {
	};
	objectVersion = 46;
	objects = {

/* Begin PBXBuildFile section */
		423F4B5B1BC9AE7600BA072F /* RBFileSupportTests.m in Sources */ = {isa = PBXBuildFile; fileRef = 42EDBFC21B980A6100F39E7F /* RBFileSupportTests.m */; };
		423F4B5C1BC9AE7900BA072F /* RBParserTests.m in Sources */ = {isa = PBXBuildFile; fileRef = 42EDBFC11B980A6100F39E7F /* RBParserTests.m */; };
		429910771BECFFCF0028EA30 /* ReactiveBeaver-OSX.h in Headers */ = {isa = PBXBuildFile; fileRef = 429910761BECFFCF0028EA30 /* ReactiveBeaver-OSX.h */; settings = {ATTRIBUTES = (Public, ); }; };
		4299107D1BED01770028EA30 /* NSError+QuickCreation.m in Sources */ = {isa = PBXBuildFile; fileRef = 42E8FFD31B979EA100EB2BAA /* NSError+QuickCreation.m */; };
		429910801BED01770028EA30 /* RBFileSystemSupport.m in Sources */ = {isa = PBXBuildFile; fileRef = 42E8FFD61B979EA100EB2BAA /* RBFileSystemSupport.m */; };
		429910821BED01770028EA30 /* RBParser.m in Sources */ = {isa = PBXBuildFile; fileRef = 424EEC8A1BC1C4EA00480F1A /* RBParser.m */; };
		429910841BED01770028EA30 /* RBEPNavPoint.m in Sources */ = {isa = PBXBuildFile; fileRef = 424EEC761BC1C4DE00480F1A /* RBEPNavPoint.m */; };
		429910861BED01770028EA30 /* RBEpub.m in Sources */ = {isa = PBXBuildFile; fileRef = 424EEC781BC1C4DE00480F1A /* RBEpub.m */; };
		429910881BED01770028EA30 /* RBManifestElement.m in Sources */ = {isa = PBXBuildFile; fileRef = 424EEC7C1BC1C4DE00480F1A /* RBManifestElement.m */; };
		4299108A1BED01770028EA30 /* RBSpineElement.m in Sources */ = {isa = PBXBuildFile; fileRef = 424EEC7E1BC1C4DE00480F1A /* RBSpineElement.m */; };
		4299108C1BED01770028EA30 /* RBMetadata.m in Sources */ = {isa = PBXBuildFile; fileRef = 4208EBAD1BC7A512006B24C6 /* RBMetadata.m */; };
		42AE5F121BED119F0095C853 /* NSError+QuickCreation.m in Sources */ = {isa = PBXBuildFile; fileRef = 42E8FFD31B979EA100EB2BAA /* NSError+QuickCreation.m */; };
		42AE5F151BED119F0095C853 /* RBFileSystemSupport.m in Sources */ = {isa = PBXBuildFile; fileRef = 42E8FFD61B979EA100EB2BAA /* RBFileSystemSupport.m */; };
		42AE5F171BED119F0095C853 /* RBParser.m in Sources */ = {isa = PBXBuildFile; fileRef = 424EEC8A1BC1C4EA00480F1A /* RBParser.m */; };
		42AE5F191BED119F0095C853 /* RBEPNavPoint.m in Sources */ = {isa = PBXBuildFile; fileRef = 424EEC761BC1C4DE00480F1A /* RBEPNavPoint.m */; };
		42AE5F1B1BED119F0095C853 /* RBEpub.m in Sources */ = {isa = PBXBuildFile; fileRef = 424EEC781BC1C4DE00480F1A /* RBEpub.m */; };
		42AE5F1D1BED119F0095C853 /* RBManifestElement.m in Sources */ = {isa = PBXBuildFile; fileRef = 424EEC7C1BC1C4DE00480F1A /* RBManifestElement.m */; };
		42AE5F1F1BED119F0095C853 /* RBSpineElement.m in Sources */ = {isa = PBXBuildFile; fileRef = 424EEC7E1BC1C4DE00480F1A /* RBSpineElement.m */; };
		42AE5F211BED119F0095C853 /* RBMetadata.m in Sources */ = {isa = PBXBuildFile; fileRef = 4208EBAD1BC7A512006B24C6 /* RBMetadata.m */; };
		42B0BA671BED1095002C7B85 /* ReactiveBeaveriOS.h in Headers */ = {isa = PBXBuildFile; fileRef = 42B0BA661BED1095002C7B85 /* ReactiveBeaveriOS.h */; settings = {ATTRIBUTES = (Public, ); }; };
		42FDE5531BC6FF810056F3A6 /* moby-dick.epub in Resources */ = {isa = PBXBuildFile; fileRef = 4246F40D1B111EAB00A2A96F /* moby-dick.epub */; };
		942436741E3D0A9900D99F82 /* ZipZap.framework in Frameworks */ = {isa = PBXBuildFile; fileRef = 9424366E1E3D0A9900D99F82 /* ZipZap.framework */; };
		942436761E3D0A9900D99F82 /* KissXML.framework in Frameworks */ = {isa = PBXBuildFile; fileRef = 942436701E3D0A9900D99F82 /* KissXML.framework */; };
		942436771E3D0A9900D99F82 /* CocoaLumberjack.framework in Frameworks */ = {isa = PBXBuildFile; fileRef = 942436711E3D0A9900D99F82 /* CocoaLumberjack.framework */; };
		942436791E3D0A9900D99F82 /* Mantle.framework in Frameworks */ = {isa = PBXBuildFile; fileRef = 942436731E3D0A9900D99F82 /* Mantle.framework */; };
		9424367B1E3D0D7100D99F82 /* ReactiveObjC.framework in Frameworks */ = {isa = PBXBuildFile; fileRef = 9424367A1E3D0D7100D99F82 /* ReactiveObjC.framework */; };
		942436821E3D1EEA00D99F82 /* ZipZap.framework in Frameworks */ = {isa = PBXBuildFile; fileRef = 9424367C1E3D1EEA00D99F82 /* ZipZap.framework */; };
		942436831E3D1EEA00D99F82 /* Result.framework in Frameworks */ = {isa = PBXBuildFile; fileRef = 9424367D1E3D1EEA00D99F82 /* Result.framework */; };
		942436841E3D1EEA00D99F82 /* KissXML.framework in Frameworks */ = {isa = PBXBuildFile; fileRef = 9424367E1E3D1EEA00D99F82 /* KissXML.framework */; };
		942436851E3D1EEA00D99F82 /* CocoaLumberjack.framework in Frameworks */ = {isa = PBXBuildFile; fileRef = 9424367F1E3D1EEA00D99F82 /* CocoaLumberjack.framework */; };
		942436861E3D1EEA00D99F82 /* ReactiveObjC.framework in Frameworks */ = {isa = PBXBuildFile; fileRef = 942436801E3D1EEA00D99F82 /* ReactiveObjC.framework */; };
		942436871E3D1EEA00D99F82 /* Mantle.framework in Frameworks */ = {isa = PBXBuildFile; fileRef = 942436811E3D1EEA00D99F82 /* Mantle.framework */; };
		942436881E3D230800D99F82 /* ZipZap.framework in Frameworks */ = {isa = PBXBuildFile; fileRef = 9424366E1E3D0A9900D99F82 /* ZipZap.framework */; };
		942436891E3D230800D99F82 /* KissXML.framework in Frameworks */ = {isa = PBXBuildFile; fileRef = 942436701E3D0A9900D99F82 /* KissXML.framework */; };
		9424368A1E3D230800D99F82 /* CocoaLumberjack.framework in Frameworks */ = {isa = PBXBuildFile; fileRef = 942436711E3D0A9900D99F82 /* CocoaLumberjack.framework */; };
		9424368B1E3D230800D99F82 /* Result.framework in Frameworks */ = {isa = PBXBuildFile; fileRef = 9424366F1E3D0A9900D99F82 /* Result.framework */; };
		9424368C1E3D230800D99F82 /* ReactiveObjC.framework in Frameworks */ = {isa = PBXBuildFile; fileRef = 9424367A1E3D0D7100D99F82 /* ReactiveObjC.framework */; };
		9424368D1E3D230800D99F82 /* Mantle.framework in Frameworks */ = {isa = PBXBuildFile; fileRef = 942436731E3D0A9900D99F82 /* Mantle.framework */; };
/* End PBXBuildFile section */

/* Begin PBXFileReference section */
		0C481FD805AE9DFFF0D7BE08 /* libPods-ReactiveBeaveriOS.a */ = {isa = PBXFileReference; explicitFileType = archive.ar; includeInIndex = 0; path = "libPods-ReactiveBeaveriOS.a"; sourceTree = BUILT_PRODUCTS_DIR; };
		2BABE405A4DACFB00D8ECB80 /* Pods-ReactiveBeaver.debug.xcconfig */ = {isa = PBXFileReference; includeInIndex = 1; lastKnownFileType = text.xcconfig; name = "Pods-ReactiveBeaver.debug.xcconfig"; path = "Pods/Target Support Files/Pods-ReactiveBeaver/Pods-ReactiveBeaver.debug.xcconfig"; sourceTree = "<group>"; };
		4206D1941B052C66007F227A /* ReactiveBeaverTests.xctest */ = {isa = PBXFileReference; explicitFileType = wrapper.cfbundle; includeInIndex = 0; path = ReactiveBeaverTests.xctest; sourceTree = BUILT_PRODUCTS_DIR; };
		4208EBAC1BC7A512006B24C6 /* RBMetadata.h */ = {isa = PBXFileReference; fileEncoding = 4; lastKnownFileType = sourcecode.c.h; name = RBMetadata.h; path = "ReactiveBeaver/Core/Data Structures/RBMetadata.h"; sourceTree = SOURCE_ROOT; };
		4208EBAD1BC7A512006B24C6 /* RBMetadata.m */ = {isa = PBXFileReference; fileEncoding = 4; lastKnownFileType = sourcecode.c.objc; name = RBMetadata.m; path = "ReactiveBeaver/Core/Data Structures/RBMetadata.m"; sourceTree = SOURCE_ROOT; };
		4246F40D1B111EAB00A2A96F /* moby-dick.epub */ = {isa = PBXFileReference; lastKnownFileType = file; name = "moby-dick.epub"; path = "BookSources/moby-dick.epub"; sourceTree = SOURCE_ROOT; };
		424EEC751BC1C4DE00480F1A /* RBEPNavPoint.h */ = {isa = PBXFileReference; fileEncoding = 4; lastKnownFileType = sourcecode.c.h; name = RBEPNavPoint.h; path = "ReactiveBeaver/Core/Data Structures/RBEPNavPoint.h"; sourceTree = SOURCE_ROOT; };
		424EEC761BC1C4DE00480F1A /* RBEPNavPoint.m */ = {isa = PBXFileReference; fileEncoding = 4; lastKnownFileType = sourcecode.c.objc; name = RBEPNavPoint.m; path = "ReactiveBeaver/Core/Data Structures/RBEPNavPoint.m"; sourceTree = SOURCE_ROOT; };
		424EEC771BC1C4DE00480F1A /* RBEpub.h */ = {isa = PBXFileReference; fileEncoding = 4; lastKnownFileType = sourcecode.c.h; name = RBEpub.h; path = "ReactiveBeaver/Core/Data Structures/RBEpub.h"; sourceTree = SOURCE_ROOT; };
		424EEC781BC1C4DE00480F1A /* RBEpub.m */ = {isa = PBXFileReference; fileEncoding = 4; lastKnownFileType = sourcecode.c.objc; name = RBEpub.m; path = "ReactiveBeaver/Core/Data Structures/RBEpub.m"; sourceTree = SOURCE_ROOT; };
		424EEC7B1BC1C4DE00480F1A /* RBManifestElement.h */ = {isa = PBXFileReference; fileEncoding = 4; lastKnownFileType = sourcecode.c.h; name = RBManifestElement.h; path = "ReactiveBeaver/Core/Data Structures/RBManifestElement.h"; sourceTree = SOURCE_ROOT; };
		424EEC7C1BC1C4DE00480F1A /* RBManifestElement.m */ = {isa = PBXFileReference; fileEncoding = 4; lastKnownFileType = sourcecode.c.objc; name = RBManifestElement.m; path = "ReactiveBeaver/Core/Data Structures/RBManifestElement.m"; sourceTree = SOURCE_ROOT; };
		424EEC7D1BC1C4DE00480F1A /* RBSpineElement.h */ = {isa = PBXFileReference; fileEncoding = 4; lastKnownFileType = sourcecode.c.h; name = RBSpineElement.h; path = "ReactiveBeaver/Core/Data Structures/RBSpineElement.h"; sourceTree = SOURCE_ROOT; };
		424EEC7E1BC1C4DE00480F1A /* RBSpineElement.m */ = {isa = PBXFileReference; fileEncoding = 4; lastKnownFileType = sourcecode.c.objc; name = RBSpineElement.m; path = "ReactiveBeaver/Core/Data Structures/RBSpineElement.m"; sourceTree = SOURCE_ROOT; };
		424EEC891BC1C4EA00480F1A /* RBParser.h */ = {isa = PBXFileReference; fileEncoding = 4; lastKnownFileType = sourcecode.c.h; name = RBParser.h; path = ReactiveBeaver/Core/Workers/RBParser.h; sourceTree = SOURCE_ROOT; };
		424EEC8A1BC1C4EA00480F1A /* RBParser.m */ = {isa = PBXFileReference; fileEncoding = 4; lastKnownFileType = sourcecode.c.objc; name = RBParser.m; path = ReactiveBeaver/Core/Workers/RBParser.m; sourceTree = SOURCE_ROOT; };
		429910741BECFFCF0028EA30 /* ReactiveBeaverOSX.framework */ = {isa = PBXFileReference; explicitFileType = wrapper.framework; includeInIndex = 0; path = ReactiveBeaverOSX.framework; sourceTree = BUILT_PRODUCTS_DIR; };
		429910761BECFFCF0028EA30 /* ReactiveBeaver-OSX.h */ = {isa = PBXFileReference; lastKnownFileType = sourcecode.c.h; path = "ReactiveBeaver-OSX.h"; sourceTree = "<group>"; };
		429910781BECFFCF0028EA30 /* Info.plist */ = {isa = PBXFileReference; lastKnownFileType = text.plist.xml; path = Info.plist; sourceTree = "<group>"; };
		42B0BA641BED1095002C7B85 /* ReactiveBeaveriOS.framework */ = {isa = PBXFileReference; explicitFileType = wrapper.framework; includeInIndex = 0; path = ReactiveBeaveriOS.framework; sourceTree = BUILT_PRODUCTS_DIR; };
		42B0BA661BED1095002C7B85 /* ReactiveBeaveriOS.h */ = {isa = PBXFileReference; lastKnownFileType = sourcecode.c.h; path = ReactiveBeaveriOS.h; sourceTree = "<group>"; };
		42B0BA681BED1095002C7B85 /* Info.plist */ = {isa = PBXFileReference; lastKnownFileType = text.plist.xml; path = Info.plist; sourceTree = "<group>"; };
		42E8FFD21B979EA100EB2BAA /* NSError+QuickCreation.h */ = {isa = PBXFileReference; fileEncoding = 4; lastKnownFileType = sourcecode.c.h; name = "NSError+QuickCreation.h"; path = "ReactiveBeaver/Support/NSError+QuickCreation.h"; sourceTree = SOURCE_ROOT; };
		42E8FFD31B979EA100EB2BAA /* NSError+QuickCreation.m */ = {isa = PBXFileReference; fileEncoding = 4; lastKnownFileType = sourcecode.c.objc; name = "NSError+QuickCreation.m"; path = "ReactiveBeaver/Support/NSError+QuickCreation.m"; sourceTree = SOURCE_ROOT; };
		42E8FFD41B979EA100EB2BAA /* RBEpubNameConstants.h */ = {isa = PBXFileReference; fileEncoding = 4; lastKnownFileType = sourcecode.c.h; name = RBEpubNameConstants.h; path = ReactiveBeaver/Support/RBEpubNameConstants.h; sourceTree = SOURCE_ROOT; };
		42E8FFD51B979EA100EB2BAA /* RBFileSystemSupport.h */ = {isa = PBXFileReference; fileEncoding = 4; lastKnownFileType = sourcecode.c.h; name = RBFileSystemSupport.h; path = ReactiveBeaver/Support/RBFileSystemSupport.h; sourceTree = SOURCE_ROOT; };
		42E8FFD61B979EA100EB2BAA /* RBFileSystemSupport.m */ = {isa = PBXFileReference; fileEncoding = 4; lastKnownFileType = sourcecode.c.objc; name = RBFileSystemSupport.m; path = ReactiveBeaver/Support/RBFileSystemSupport.m; sourceTree = SOURCE_ROOT; };
		42E8FFF41B979EBC00EB2BAA /* ReactiveBeaver-Headers.h */ = {isa = PBXFileReference; fileEncoding = 4; lastKnownFileType = sourcecode.c.h; name = "ReactiveBeaver-Headers.h"; path = "ReactiveBeaver/ReactiveBeaver-Headers.h"; sourceTree = SOURCE_ROOT; };
		42E8FFF61B979EC800EB2BAA /* Info.plist */ = {isa = PBXFileReference; fileEncoding = 4; lastKnownFileType = text.plist.xml; name = Info.plist; path = ReactiveBeaver/Info.plist; sourceTree = SOURCE_ROOT; };
		42EDBFC11B980A6100F39E7F /* RBParserTests.m */ = {isa = PBXFileReference; fileEncoding = 4; lastKnownFileType = sourcecode.c.objc; name = RBParserTests.m; path = ReactiveBeaverTests/RBParserTests.m; sourceTree = SOURCE_ROOT; };
		42EDBFC21B980A6100F39E7F /* RBFileSupportTests.m */ = {isa = PBXFileReference; fileEncoding = 4; lastKnownFileType = sourcecode.c.objc; name = RBFileSupportTests.m; path = ReactiveBeaverTests/RBFileSupportTests.m; sourceTree = SOURCE_ROOT; };
		42EDBFC31B980A6100F39E7F /* Info.plist */ = {isa = PBXFileReference; fileEncoding = 4; lastKnownFileType = text.plist.xml; name = Info.plist; path = ReactiveBeaverTests/Info.plist; sourceTree = SOURCE_ROOT; };
		5ADE52D7F4376C24B56768DB /* libPods-ReactiveBeaverTests.a */ = {isa = PBXFileReference; explicitFileType = archive.ar; includeInIndex = 0; path = "libPods-ReactiveBeaverTests.a"; sourceTree = BUILT_PRODUCTS_DIR; };
		5DA57677DA70034DAD988795 /* Pods-ReactiveBeaveriOS.release.xcconfig */ = {isa = PBXFileReference; includeInIndex = 1; lastKnownFileType = text.xcconfig; name = "Pods-ReactiveBeaveriOS.release.xcconfig"; path = "Pods/Target Support Files/Pods-ReactiveBeaveriOS/Pods-ReactiveBeaveriOS.release.xcconfig"; sourceTree = "<group>"; };
		7BE47BC50BFB6C2547085D3C /* Pods-ReactiveBeaver-Demo.release.xcconfig */ = {isa = PBXFileReference; includeInIndex = 1; lastKnownFileType = text.xcconfig; name = "Pods-ReactiveBeaver-Demo.release.xcconfig"; path = "Pods/Target Support Files/Pods-ReactiveBeaver-Demo/Pods-ReactiveBeaver-Demo.release.xcconfig"; sourceTree = "<group>"; };
		8BEF66CBC270A39694575E68 /* libPods-ReactiveBeaverOSX.a */ = {isa = PBXFileReference; explicitFileType = archive.ar; includeInIndex = 0; path = "libPods-ReactiveBeaverOSX.a"; sourceTree = BUILT_PRODUCTS_DIR; };
		93DCEF9FCBD47096B940B374 /* Pods-ReactiveBeaver.release.xcconfig */ = {isa = PBXFileReference; includeInIndex = 1; lastKnownFileType = text.xcconfig; name = "Pods-ReactiveBeaver.release.xcconfig"; path = "Pods/Target Support Files/Pods-ReactiveBeaver/Pods-ReactiveBeaver.release.xcconfig"; sourceTree = "<group>"; };
		9424366E1E3D0A9900D99F82 /* ZipZap.framework */ = {isa = PBXFileReference; lastKnownFileType = wrapper.framework; name = ZipZap.framework; path = Carthage/Build/iOS/ZipZap.framework; sourceTree = "<group>"; };
		9424366F1E3D0A9900D99F82 /* Result.framework */ = {isa = PBXFileReference; lastKnownFileType = wrapper.framework; name = Result.framework; path = Carthage/Build/iOS/Result.framework; sourceTree = "<group>"; };
		942436701E3D0A9900D99F82 /* KissXML.framework */ = {isa = PBXFileReference; lastKnownFileType = wrapper.framework; name = KissXML.framework; path = Carthage/Build/iOS/KissXML.framework; sourceTree = "<group>"; };
		942436711E3D0A9900D99F82 /* CocoaLumberjack.framework */ = {isa = PBXFileReference; lastKnownFileType = wrapper.framework; name = CocoaLumberjack.framework; path = Carthage/Build/iOS/CocoaLumberjack.framework; sourceTree = "<group>"; };
		942436721E3D0A9900D99F82 /* ReactiveCocoa.framework */ = {isa = PBXFileReference; lastKnownFileType = wrapper.framework; name = ReactiveCocoa.framework; path = Carthage/Build/iOS/ReactiveCocoa.framework; sourceTree = "<group>"; };
		942436731E3D0A9900D99F82 /* Mantle.framework */ = {isa = PBXFileReference; lastKnownFileType = wrapper.framework; name = Mantle.framework; path = Carthage/Build/iOS/Mantle.framework; sourceTree = "<group>"; };
		9424367A1E3D0D7100D99F82 /* ReactiveObjC.framework */ = {isa = PBXFileReference; lastKnownFileType = wrapper.framework; name = ReactiveObjC.framework; path = Carthage/Build/iOS/ReactiveObjC.framework; sourceTree = "<group>"; };
		9424367C1E3D1EEA00D99F82 /* ZipZap.framework */ = {isa = PBXFileReference; lastKnownFileType = wrapper.framework; name = ZipZap.framework; path = Carthage/Build/Mac/ZipZap.framework; sourceTree = "<group>"; };
		9424367D1E3D1EEA00D99F82 /* Result.framework */ = {isa = PBXFileReference; lastKnownFileType = wrapper.framework; name = Result.framework; path = Carthage/Build/Mac/Result.framework; sourceTree = "<group>"; };
		9424367E1E3D1EEA00D99F82 /* KissXML.framework */ = {isa = PBXFileReference; lastKnownFileType = wrapper.framework; name = KissXML.framework; path = Carthage/Build/Mac/KissXML.framework; sourceTree = "<group>"; };
		9424367F1E3D1EEA00D99F82 /* CocoaLumberjack.framework */ = {isa = PBXFileReference; lastKnownFileType = wrapper.framework; name = CocoaLumberjack.framework; path = Carthage/Build/Mac/CocoaLumberjack.framework; sourceTree = "<group>"; };
		942436801E3D1EEA00D99F82 /* ReactiveObjC.framework */ = {isa = PBXFileReference; lastKnownFileType = wrapper.framework; name = ReactiveObjC.framework; path = Carthage/Build/Mac/ReactiveObjC.framework; sourceTree = "<group>"; };
		942436811E3D1EEA00D99F82 /* Mantle.framework */ = {isa = PBXFileReference; lastKnownFileType = wrapper.framework; name = Mantle.framework; path = Carthage/Build/Mac/Mantle.framework; sourceTree = "<group>"; };
		9B58439EBD17959E5550142A /* Pods.debug.xcconfig */ = {isa = PBXFileReference; includeInIndex = 1; lastKnownFileType = text.xcconfig; name = Pods.debug.xcconfig; path = "Pods/Target Support Files/Pods/Pods.debug.xcconfig"; sourceTree = "<group>"; };
		9E31947C1BAA532DBE8EF68E /* libPods-ReactiveBeaver-Demo.a */ = {isa = PBXFileReference; explicitFileType = archive.ar; includeInIndex = 0; path = "libPods-ReactiveBeaver-Demo.a"; sourceTree = BUILT_PRODUCTS_DIR; };
		A5E35529D63B3B1D970F2495 /* Pods-ReactiveBeaverOSX.release.xcconfig */ = {isa = PBXFileReference; includeInIndex = 1; lastKnownFileType = text.xcconfig; name = "Pods-ReactiveBeaverOSX.release.xcconfig"; path = "Pods/Target Support Files/Pods-ReactiveBeaverOSX/Pods-ReactiveBeaverOSX.release.xcconfig"; sourceTree = "<group>"; };
		BB2059ABFD25DE7F6C3B17C3 /* libPods.a */ = {isa = PBXFileReference; explicitFileType = archive.ar; includeInIndex = 0; path = libPods.a; sourceTree = BUILT_PRODUCTS_DIR; };
		BB42D3E7AC72FC083917A987 /* Pods-ReactiveBeaverOSX.debug.xcconfig */ = {isa = PBXFileReference; includeInIndex = 1; lastKnownFileType = text.xcconfig; name = "Pods-ReactiveBeaverOSX.debug.xcconfig"; path = "Pods/Target Support Files/Pods-ReactiveBeaverOSX/Pods-ReactiveBeaverOSX.debug.xcconfig"; sourceTree = "<group>"; };
		C1BE962B5F19D18728DC9667 /* Pods-ReactiveBeaver-Demo.debug.xcconfig */ = {isa = PBXFileReference; includeInIndex = 1; lastKnownFileType = text.xcconfig; name = "Pods-ReactiveBeaver-Demo.debug.xcconfig"; path = "Pods/Target Support Files/Pods-ReactiveBeaver-Demo/Pods-ReactiveBeaver-Demo.debug.xcconfig"; sourceTree = "<group>"; };
		C9E17AB6AA841E7592E38230 /* libPods-ReactiveBeaver.a */ = {isa = PBXFileReference; explicitFileType = archive.ar; includeInIndex = 0; path = "libPods-ReactiveBeaver.a"; sourceTree = BUILT_PRODUCTS_DIR; };
		E600B09F2E934CCB064A5446 /* Pods-ReactiveBeaverTests.debug.xcconfig */ = {isa = PBXFileReference; includeInIndex = 1; lastKnownFileType = text.xcconfig; name = "Pods-ReactiveBeaverTests.debug.xcconfig"; path = "Pods/Target Support Files/Pods-ReactiveBeaverTests/Pods-ReactiveBeaverTests.debug.xcconfig"; sourceTree = "<group>"; };
		EBAA7CE2A4E347940A70BB01 /* Pods-ReactiveBeaverTests.release.xcconfig */ = {isa = PBXFileReference; includeInIndex = 1; lastKnownFileType = text.xcconfig; name = "Pods-ReactiveBeaverTests.release.xcconfig"; path = "Pods/Target Support Files/Pods-ReactiveBeaverTests/Pods-ReactiveBeaverTests.release.xcconfig"; sourceTree = "<group>"; };
		EC74E05285CB683679CAE5AC /* Pods-ReactiveBeaveriOS.debug.xcconfig */ = {isa = PBXFileReference; includeInIndex = 1; lastKnownFileType = text.xcconfig; name = "Pods-ReactiveBeaveriOS.debug.xcconfig"; path = "Pods/Target Support Files/Pods-ReactiveBeaveriOS/Pods-ReactiveBeaveriOS.debug.xcconfig"; sourceTree = "<group>"; };
		EE94A7BFF78DFD919687D00E /* Pods.release.xcconfig */ = {isa = PBXFileReference; includeInIndex = 1; lastKnownFileType = text.xcconfig; name = Pods.release.xcconfig; path = "Pods/Target Support Files/Pods/Pods.release.xcconfig"; sourceTree = "<group>"; };
/* End PBXFileReference section */

/* Begin PBXFrameworksBuildPhase section */
		4206D1911B052C66007F227A /* Frameworks */ = {
			isa = PBXFrameworksBuildPhase;
			buildActionMask = 2147483647;
			files = (
				942436881E3D230800D99F82 /* ZipZap.framework in Frameworks */,
				942436891E3D230800D99F82 /* KissXML.framework in Frameworks */,
				9424368A1E3D230800D99F82 /* CocoaLumberjack.framework in Frameworks */,
				9424368B1E3D230800D99F82 /* Result.framework in Frameworks */,
				9424368C1E3D230800D99F82 /* ReactiveObjC.framework in Frameworks */,
				9424368D1E3D230800D99F82 /* Mantle.framework in Frameworks */,
			);
			runOnlyForDeploymentPostprocessing = 0;
		};
		429910701BECFFCF0028EA30 /* Frameworks */ = {
			isa = PBXFrameworksBuildPhase;
			buildActionMask = 2147483647;
			files = (
				942436821E3D1EEA00D99F82 /* ZipZap.framework in Frameworks */,
				942436831E3D1EEA00D99F82 /* Result.framework in Frameworks */,
				942436841E3D1EEA00D99F82 /* KissXML.framework in Frameworks */,
				942436851E3D1EEA00D99F82 /* CocoaLumberjack.framework in Frameworks */,
				942436861E3D1EEA00D99F82 /* ReactiveObjC.framework in Frameworks */,
				942436871E3D1EEA00D99F82 /* Mantle.framework in Frameworks */,
			);
			runOnlyForDeploymentPostprocessing = 0;
		};
		42B0BA601BED1095002C7B85 /* Frameworks */ = {
			isa = PBXFrameworksBuildPhase;
			buildActionMask = 2147483647;
			files = (
				9424367B1E3D0D7100D99F82 /* ReactiveObjC.framework in Frameworks */,
				942436741E3D0A9900D99F82 /* ZipZap.framework in Frameworks */,
				942436761E3D0A9900D99F82 /* KissXML.framework in Frameworks */,
				942436771E3D0A9900D99F82 /* CocoaLumberjack.framework in Frameworks */,
				942436791E3D0A9900D99F82 /* Mantle.framework in Frameworks */,
			);
			runOnlyForDeploymentPostprocessing = 0;
		};
/* End PBXFrameworksBuildPhase section */

/* Begin PBXGroup section */
		3494A54EC6AC34C98782A22D /* Frameworks */ = {
			isa = PBXGroup;
			children = (
				9424367C1E3D1EEA00D99F82 /* ZipZap.framework */,
				9424367D1E3D1EEA00D99F82 /* Result.framework */,
				9424367E1E3D1EEA00D99F82 /* KissXML.framework */,
				9424367F1E3D1EEA00D99F82 /* CocoaLumberjack.framework */,
				942436801E3D1EEA00D99F82 /* ReactiveObjC.framework */,
				942436811E3D1EEA00D99F82 /* Mantle.framework */,
				9424367A1E3D0D7100D99F82 /* ReactiveObjC.framework */,
				9424366E1E3D0A9900D99F82 /* ZipZap.framework */,
				9424366F1E3D0A9900D99F82 /* Result.framework */,
				942436701E3D0A9900D99F82 /* KissXML.framework */,
				942436711E3D0A9900D99F82 /* CocoaLumberjack.framework */,
				942436721E3D0A9900D99F82 /* ReactiveCocoa.framework */,
				942436731E3D0A9900D99F82 /* Mantle.framework */,
				BB2059ABFD25DE7F6C3B17C3 /* libPods.a */,
				C9E17AB6AA841E7592E38230 /* libPods-ReactiveBeaver.a */,
				9E31947C1BAA532DBE8EF68E /* libPods-ReactiveBeaver-Demo.a */,
				8BEF66CBC270A39694575E68 /* libPods-ReactiveBeaverOSX.a */,
				5ADE52D7F4376C24B56768DB /* libPods-ReactiveBeaverTests.a */,
				0C481FD805AE9DFFF0D7BE08 /* libPods-ReactiveBeaveriOS.a */,
			);
			name = Frameworks;
			sourceTree = "<group>";
		};
		4206D17F1B052C65007F227A = {
			isa = PBXGroup;
			children = (
				4206D18B1B052C65007F227A /* ReactiveBeaver */,
				4206D1981B052C66007F227A /* ReactiveBeaverTests */,
				429910751BECFFCF0028EA30 /* ReactiveBeaver-OSX */,
				42B0BA651BED1095002C7B85 /* ReactiveBeaveriOS */,
				4206D18A1B052C65007F227A /* Products */,
				D45A418EA2C2FD9CB2CA68B9 /* Pods */,
				3494A54EC6AC34C98782A22D /* Frameworks */,
			);
			sourceTree = "<group>";
		};
		4206D18A1B052C65007F227A /* Products */ = {
			isa = PBXGroup;
			children = (
				4206D1941B052C66007F227A /* ReactiveBeaverTests.xctest */,
				429910741BECFFCF0028EA30 /* ReactiveBeaverOSX.framework */,
				42B0BA641BED1095002C7B85 /* ReactiveBeaveriOS.framework */,
			);
			name = Products;
			sourceTree = "<group>";
		};
		4206D18B1B052C65007F227A /* ReactiveBeaver */ = {
			isa = PBXGroup;
			children = (
				425AC06C1B0612F100CF6070 /* Support */,
				4206D1A51B052CA0007F227A /* Core */,
				4206D18C1B052C65007F227A /* Supporting Files */,
			);
			name = ReactiveBeaver;
			path = SKEPParser;
			sourceTree = "<group>";
		};
		4206D18C1B052C65007F227A /* Supporting Files */ = {
			isa = PBXGroup;
			children = (
				42E8FFF61B979EC800EB2BAA /* Info.plist */,
				42E8FFF41B979EBC00EB2BAA /* ReactiveBeaver-Headers.h */,
			);
			name = "Supporting Files";
			sourceTree = "<group>";
		};
		4206D1981B052C66007F227A /* ReactiveBeaverTests */ = {
			isa = PBXGroup;
			children = (
				4206D1991B052C66007F227A /* Supporting Files */,
			);
			name = ReactiveBeaverTests;
			path = SKEPParserTests;
			sourceTree = "<group>";
		};
		4206D1991B052C66007F227A /* Supporting Files */ = {
			isa = PBXGroup;
			children = (
				42EDBFC11B980A6100F39E7F /* RBParserTests.m */,
				42EDBFC21B980A6100F39E7F /* RBFileSupportTests.m */,
				42EDBFC31B980A6100F39E7F /* Info.plist */,
				4246F40D1B111EAB00A2A96F /* moby-dick.epub */,
			);
			name = "Supporting Files";
			sourceTree = "<group>";
		};
		4206D1A51B052CA0007F227A /* Core */ = {
			isa = PBXGroup;
			children = (
				424EEC741BC1C46700480F1A /* Workers */,
				424EEC731BC1C40000480F1A /* Data structure */,
			);
			path = Core;
			sourceTree = "<group>";
		};
		424EEC731BC1C40000480F1A /* Data structure */ = {
			isa = PBXGroup;
			children = (
				424EEC751BC1C4DE00480F1A /* RBEPNavPoint.h */,
				424EEC761BC1C4DE00480F1A /* RBEPNavPoint.m */,
				424EEC771BC1C4DE00480F1A /* RBEpub.h */,
				424EEC781BC1C4DE00480F1A /* RBEpub.m */,
				424EEC7B1BC1C4DE00480F1A /* RBManifestElement.h */,
				424EEC7C1BC1C4DE00480F1A /* RBManifestElement.m */,
				424EEC7D1BC1C4DE00480F1A /* RBSpineElement.h */,
				424EEC7E1BC1C4DE00480F1A /* RBSpineElement.m */,
				4208EBAC1BC7A512006B24C6 /* RBMetadata.h */,
				4208EBAD1BC7A512006B24C6 /* RBMetadata.m */,
			);
			name = "Data structure";
			path = "ReactiveBeaver/Core/Data Structures";
			sourceTree = "<group>";
		};
		424EEC741BC1C46700480F1A /* Workers */ = {
			isa = PBXGroup;
			children = (
				424EEC891BC1C4EA00480F1A /* RBParser.h */,
				424EEC8A1BC1C4EA00480F1A /* RBParser.m */,
			);
			name = Workers;
			path = ReactiveBeaver/Core/Workers;
			sourceTree = "<group>";
		};
		425AC06C1B0612F100CF6070 /* Support */ = {
			isa = PBXGroup;
			children = (
				42E8FFD21B979EA100EB2BAA /* NSError+QuickCreation.h */,
				42E8FFD31B979EA100EB2BAA /* NSError+QuickCreation.m */,
				42E8FFD41B979EA100EB2BAA /* RBEpubNameConstants.h */,
				42E8FFD51B979EA100EB2BAA /* RBFileSystemSupport.h */,
				42E8FFD61B979EA100EB2BAA /* RBFileSystemSupport.m */,
			);
			path = Support;
			sourceTree = "<group>";
		};
		429910751BECFFCF0028EA30 /* ReactiveBeaver-OSX */ = {
			isa = PBXGroup;
			children = (
				429910761BECFFCF0028EA30 /* ReactiveBeaver-OSX.h */,
				429910781BECFFCF0028EA30 /* Info.plist */,
			);
			path = "ReactiveBeaver-OSX";
			sourceTree = "<group>";
		};
		42B0BA651BED1095002C7B85 /* ReactiveBeaveriOS */ = {
			isa = PBXGroup;
			children = (
				42B0BA661BED1095002C7B85 /* ReactiveBeaveriOS.h */,
				42B0BA681BED1095002C7B85 /* Info.plist */,
			);
			path = ReactiveBeaveriOS;
			sourceTree = "<group>";
		};
		D45A418EA2C2FD9CB2CA68B9 /* Pods */ = {
			isa = PBXGroup;
			children = (
				9B58439EBD17959E5550142A /* Pods.debug.xcconfig */,
				EE94A7BFF78DFD919687D00E /* Pods.release.xcconfig */,
				2BABE405A4DACFB00D8ECB80 /* Pods-ReactiveBeaver.debug.xcconfig */,
				93DCEF9FCBD47096B940B374 /* Pods-ReactiveBeaver.release.xcconfig */,
				C1BE962B5F19D18728DC9667 /* Pods-ReactiveBeaver-Demo.debug.xcconfig */,
				7BE47BC50BFB6C2547085D3C /* Pods-ReactiveBeaver-Demo.release.xcconfig */,
				E600B09F2E934CCB064A5446 /* Pods-ReactiveBeaverTests.debug.xcconfig */,
				EBAA7CE2A4E347940A70BB01 /* Pods-ReactiveBeaverTests.release.xcconfig */,
				BB42D3E7AC72FC083917A987 /* Pods-ReactiveBeaverOSX.debug.xcconfig */,
				A5E35529D63B3B1D970F2495 /* Pods-ReactiveBeaverOSX.release.xcconfig */,
				EC74E05285CB683679CAE5AC /* Pods-ReactiveBeaveriOS.debug.xcconfig */,
				5DA57677DA70034DAD988795 /* Pods-ReactiveBeaveriOS.release.xcconfig */,
			);
			name = Pods;
			sourceTree = "<group>";
		};
/* End PBXGroup section */

/* Begin PBXHeadersBuildPhase section */
		429910711BECFFCF0028EA30 /* Headers */ = {
			isa = PBXHeadersBuildPhase;
			buildActionMask = 2147483647;
			files = (
				429910771BECFFCF0028EA30 /* ReactiveBeaver-OSX.h in Headers */,
			);
			runOnlyForDeploymentPostprocessing = 0;
		};
		42B0BA611BED1095002C7B85 /* Headers */ = {
			isa = PBXHeadersBuildPhase;
			buildActionMask = 2147483647;
			files = (
				42B0BA671BED1095002C7B85 /* ReactiveBeaveriOS.h in Headers */,
			);
			runOnlyForDeploymentPostprocessing = 0;
		};
/* End PBXHeadersBuildPhase section */

/* Begin PBXNativeTarget section */
		4206D1931B052C66007F227A /* ReactiveBeaverTests */ = {
			isa = PBXNativeTarget;
			buildConfigurationList = 4206D1A21B052C66007F227A /* Build configuration list for PBXNativeTarget "ReactiveBeaverTests" */;
			buildPhases = (
				4206D1901B052C66007F227A /* Sources */,
				4206D1911B052C66007F227A /* Frameworks */,
				4206D1921B052C66007F227A /* Resources */,
			);
			buildRules = (
			);
			dependencies = (
			);
			name = ReactiveBeaverTests;
			productName = SKEPParserTests;
			productReference = 4206D1941B052C66007F227A /* ReactiveBeaverTests.xctest */;
			productType = "com.apple.product-type.bundle.unit-test";
		};
		429910731BECFFCF0028EA30 /* ReactiveBeaverOSX */ = {
			isa = PBXNativeTarget;
			buildConfigurationList = 4299107B1BECFFCF0028EA30 /* Build configuration list for PBXNativeTarget "ReactiveBeaverOSX" */;
			buildPhases = (
				4299106F1BECFFCF0028EA30 /* Sources */,
				429910701BECFFCF0028EA30 /* Frameworks */,
				429910711BECFFCF0028EA30 /* Headers */,
			);
			buildRules = (
			);
			dependencies = (
			);
			name = ReactiveBeaverOSX;
			productName = "ReactiveBeaver-OSX";
			productReference = 429910741BECFFCF0028EA30 /* ReactiveBeaverOSX.framework */;
			productType = "com.apple.product-type.framework";
		};
		42B0BA631BED1095002C7B85 /* ReactiveBeaveriOS */ = {
			isa = PBXNativeTarget;
			buildConfigurationList = 42B0BA691BED1095002C7B85 /* Build configuration list for PBXNativeTarget "ReactiveBeaveriOS" */;
			buildPhases = (
				42B0BA5F1BED1095002C7B85 /* Sources */,
				42B0BA601BED1095002C7B85 /* Frameworks */,
				42B0BA611BED1095002C7B85 /* Headers */,
			);
			buildRules = (
			);
			dependencies = (
			);
			name = ReactiveBeaveriOS;
			productName = ReactiveBeaveriOS;
			productReference = 42B0BA641BED1095002C7B85 /* ReactiveBeaveriOS.framework */;
			productType = "com.apple.product-type.framework";
		};
/* End PBXNativeTarget section */

/* Begin PBXProject section */
		4206D1801B052C65007F227A /* Project object */ = {
			isa = PBXProject;
			attributes = {
				LastUpgradeCheck = 0630;
				ORGANIZATIONNAME = skyylex;
				TargetAttributes = {
					4206D1931B052C66007F227A = {
						CreatedOnToolsVersion = 6.3.1;
						DevelopmentTeam = P923C5RGDV;
					};
					429910731BECFFCF0028EA30 = {
						CreatedOnToolsVersion = 7.1;
					};
					42B0BA631BED1095002C7B85 = {
						CreatedOnToolsVersion = 7.1;
					};
				};
			};
			buildConfigurationList = 4206D1831B052C65007F227A /* Build configuration list for PBXProject "ReactiveBeaver" */;
			compatibilityVersion = "Xcode 3.2";
			developmentRegion = English;
			hasScannedForEncodings = 0;
			knownRegions = (
				en,
				Base,
			);
			mainGroup = 4206D17F1B052C65007F227A;
			productRefGroup = 4206D18A1B052C65007F227A /* Products */;
			projectDirPath = "";
			projectRoot = "";
			targets = (
				42B0BA631BED1095002C7B85 /* ReactiveBeaveriOS */,
				429910731BECFFCF0028EA30 /* ReactiveBeaverOSX */,
				4206D1931B052C66007F227A /* ReactiveBeaverTests */,
			);
		};
/* End PBXProject section */

/* Begin PBXResourcesBuildPhase section */
		4206D1921B052C66007F227A /* Resources */ = {
			isa = PBXResourcesBuildPhase;
			buildActionMask = 2147483647;
			files = (
				42FDE5531BC6FF810056F3A6 /* moby-dick.epub in Resources */,
			);
			runOnlyForDeploymentPostprocessing = 0;
		};
/* End PBXResourcesBuildPhase section */

/* Begin PBXSourcesBuildPhase section */
		4206D1901B052C66007F227A /* Sources */ = {
			isa = PBXSourcesBuildPhase;
			buildActionMask = 2147483647;
			files = (
				423F4B5C1BC9AE7900BA072F /* RBParserTests.m in Sources */,
				423F4B5B1BC9AE7600BA072F /* RBFileSupportTests.m in Sources */,
			);
			runOnlyForDeploymentPostprocessing = 0;
		};
		4299106F1BECFFCF0028EA30 /* Sources */ = {
			isa = PBXSourcesBuildPhase;
			buildActionMask = 2147483647;
			files = (
				4299107D1BED01770028EA30 /* NSError+QuickCreation.m in Sources */,
				429910801BED01770028EA30 /* RBFileSystemSupport.m in Sources */,
				429910821BED01770028EA30 /* RBParser.m in Sources */,
				429910841BED01770028EA30 /* RBEPNavPoint.m in Sources */,
				429910861BED01770028EA30 /* RBEpub.m in Sources */,
				429910881BED01770028EA30 /* RBManifestElement.m in Sources */,
				4299108A1BED01770028EA30 /* RBSpineElement.m in Sources */,
				4299108C1BED01770028EA30 /* RBMetadata.m in Sources */,
			);
			runOnlyForDeploymentPostprocessing = 0;
		};
		42B0BA5F1BED1095002C7B85 /* Sources */ = {
			isa = PBXSourcesBuildPhase;
			buildActionMask = 2147483647;
			files = (
				42AE5F121BED119F0095C853 /* NSError+QuickCreation.m in Sources */,
				42AE5F151BED119F0095C853 /* RBFileSystemSupport.m in Sources */,
				42AE5F171BED119F0095C853 /* RBParser.m in Sources */,
				42AE5F191BED119F0095C853 /* RBEPNavPoint.m in Sources */,
				42AE5F1B1BED119F0095C853 /* RBEpub.m in Sources */,
				42AE5F1D1BED119F0095C853 /* RBManifestElement.m in Sources */,
				42AE5F1F1BED119F0095C853 /* RBSpineElement.m in Sources */,
				42AE5F211BED119F0095C853 /* RBMetadata.m in Sources */,
			);
			runOnlyForDeploymentPostprocessing = 0;
		};
/* End PBXSourcesBuildPhase section */

/* Begin XCBuildConfiguration section */
		4206D19D1B052C66007F227A /* Debug */ = {
			isa = XCBuildConfiguration;
			baseConfigurationReference = 9B58439EBD17959E5550142A /* Pods.debug.xcconfig */;
			buildSettings = {
				ALWAYS_SEARCH_USER_PATHS = NO;
				CLANG_CXX_LANGUAGE_STANDARD = "gnu++0x";
				CLANG_CXX_LIBRARY = "libc++";
				CLANG_ENABLE_MODULES = YES;
				CLANG_ENABLE_OBJC_ARC = YES;
				CLANG_WARN_BOOL_CONVERSION = YES;
				CLANG_WARN_CONSTANT_CONVERSION = YES;
				CLANG_WARN_DIRECT_OBJC_ISA_USAGE = YES_ERROR;
				CLANG_WARN_EMPTY_BODY = YES;
				CLANG_WARN_ENUM_CONVERSION = YES;
				CLANG_WARN_INT_CONVERSION = YES;
				CLANG_WARN_OBJC_ROOT_CLASS = YES_ERROR;
				CLANG_WARN_UNREACHABLE_CODE = YES;
				CLANG_WARN__DUPLICATE_METHOD_MATCH = YES;
				"CODE_SIGN_IDENTITY[sdk=iphoneos*]" = "iPhone Developer";
				COPY_PHASE_STRIP = NO;
				CURRENT_PROJECT_VERSION = 1;
				DEBUG_INFORMATION_FORMAT = "dwarf-with-dsym";
				ENABLE_STRICT_OBJC_MSGSEND = YES;
				GCC_C_LANGUAGE_STANDARD = gnu99;
				GCC_DYNAMIC_NO_PIC = NO;
				GCC_NO_COMMON_BLOCKS = YES;
				GCC_OPTIMIZATION_LEVEL = 0;
				GCC_PREPROCESSOR_DEFINITIONS = (
					"DEBUG=1",
					"$(inherited)",
				);
				GCC_SYMBOLS_PRIVATE_EXTERN = NO;
				GCC_WARN_64_TO_32_BIT_CONVERSION = YES;
				GCC_WARN_ABOUT_RETURN_TYPE = YES_ERROR;
				GCC_WARN_UNDECLARED_SELECTOR = YES;
				GCC_WARN_UNINITIALIZED_AUTOS = YES_AGGRESSIVE;
				GCC_WARN_UNUSED_FUNCTION = YES;
				GCC_WARN_UNUSED_VARIABLE = YES;
				IPHONEOS_DEPLOYMENT_TARGET = 8.0;
				MTL_ENABLE_DEBUG_INFO = YES;
				ONLY_ACTIVE_ARCH = YES;
				SDKROOT = iphoneos;
				TARGETED_DEVICE_FAMILY = "1,2";
				VERSIONING_SYSTEM = "apple-generic";
				VERSION_INFO_PREFIX = "";
			};
			name = Debug;
		};
		4206D19E1B052C66007F227A /* Release */ = {
			isa = XCBuildConfiguration;
			baseConfigurationReference = EE94A7BFF78DFD919687D00E /* Pods.release.xcconfig */;
			buildSettings = {
				ALWAYS_SEARCH_USER_PATHS = NO;
				CLANG_CXX_LANGUAGE_STANDARD = "gnu++0x";
				CLANG_CXX_LIBRARY = "libc++";
				CLANG_ENABLE_MODULES = YES;
				CLANG_ENABLE_OBJC_ARC = YES;
				CLANG_WARN_BOOL_CONVERSION = YES;
				CLANG_WARN_CONSTANT_CONVERSION = YES;
				CLANG_WARN_DIRECT_OBJC_ISA_USAGE = YES_ERROR;
				CLANG_WARN_EMPTY_BODY = YES;
				CLANG_WARN_ENUM_CONVERSION = YES;
				CLANG_WARN_INT_CONVERSION = YES;
				CLANG_WARN_OBJC_ROOT_CLASS = YES_ERROR;
				CLANG_WARN_UNREACHABLE_CODE = YES;
				CLANG_WARN__DUPLICATE_METHOD_MATCH = YES;
				"CODE_SIGN_IDENTITY[sdk=iphoneos*]" = "iPhone Developer";
				COPY_PHASE_STRIP = NO;
				CURRENT_PROJECT_VERSION = 1;
				DEBUG_INFORMATION_FORMAT = "dwarf-with-dsym";
				ENABLE_NS_ASSERTIONS = NO;
				ENABLE_STRICT_OBJC_MSGSEND = YES;
				GCC_C_LANGUAGE_STANDARD = gnu99;
				GCC_NO_COMMON_BLOCKS = YES;
				GCC_WARN_64_TO_32_BIT_CONVERSION = YES;
				GCC_WARN_ABOUT_RETURN_TYPE = YES_ERROR;
				GCC_WARN_UNDECLARED_SELECTOR = YES;
				GCC_WARN_UNINITIALIZED_AUTOS = YES_AGGRESSIVE;
				GCC_WARN_UNUSED_FUNCTION = YES;
				GCC_WARN_UNUSED_VARIABLE = YES;
				IPHONEOS_DEPLOYMENT_TARGET = 8.0;
				MTL_ENABLE_DEBUG_INFO = NO;
				SDKROOT = iphoneos;
				TARGETED_DEVICE_FAMILY = "1,2";
				VALIDATE_PRODUCT = YES;
				VERSIONING_SYSTEM = "apple-generic";
				VERSION_INFO_PREFIX = "";
			};
			name = Release;
		};
		4206D1A31B052C66007F227A /* Debug */ = {
			isa = XCBuildConfiguration;
			baseConfigurationReference = E600B09F2E934CCB064A5446 /* Pods-ReactiveBeaverTests.debug.xcconfig */;
			buildSettings = {
				CLANG_ALLOW_NON_MODULAR_INCLUDES_IN_FRAMEWORK_MODULES = YES;
				DEVELOPMENT_TEAM = P923C5RGDV;
				FRAMEWORK_SEARCH_PATHS = (
					"$(SDKROOT)/Developer/Library/Frameworks",
					"$(inherited)",
					"$(PROJECT_DIR)/Carthage/Build/iOS",
				);
				GCC_PREPROCESSOR_DEFINITIONS = (
					"DEBUG=1",
					"$(inherited)",
				);
				HEADER_SEARCH_PATHS = "$(SDKROOT)/usr/include/libxml2";
				INFOPLIST_FILE = ReactiveBeaver/Info.plist;
				LD_RUNPATH_SEARCH_PATHS = "$(inherited) @executable_path/Frameworks @loader_path/Frameworks";
				PRODUCT_NAME = ReactiveBeaverTests;
			};
			name = Debug;
		};
		4206D1A41B052C66007F227A /* Release */ = {
			isa = XCBuildConfiguration;
			baseConfigurationReference = EBAA7CE2A4E347940A70BB01 /* Pods-ReactiveBeaverTests.release.xcconfig */;
			buildSettings = {
				CLANG_ALLOW_NON_MODULAR_INCLUDES_IN_FRAMEWORK_MODULES = YES;
				DEVELOPMENT_TEAM = P923C5RGDV;
				FRAMEWORK_SEARCH_PATHS = (
					"$(SDKROOT)/Developer/Library/Frameworks",
					"$(inherited)",
					"$(PROJECT_DIR)/Carthage/Build/iOS",
				);
				HEADER_SEARCH_PATHS = "$(SDKROOT)/usr/include/libxml2";
				INFOPLIST_FILE = ReactiveBeaver/Info.plist;
				LD_RUNPATH_SEARCH_PATHS = "$(inherited) @executable_path/Frameworks @loader_path/Frameworks";
				PRODUCT_NAME = ReactiveBeaverTests;
			};
			name = Release;
		};
		429910791BECFFCF0028EA30 /* Debug */ = {
			isa = XCBuildConfiguration;
			baseConfigurationReference = BB42D3E7AC72FC083917A987 /* Pods-ReactiveBeaverOSX.debug.xcconfig */;
			buildSettings = {
				CLANG_ALLOW_NON_MODULAR_INCLUDES_IN_FRAMEWORK_MODULES = YES;
				CODE_SIGN_IDENTITY = "-";
				COMBINE_HIDPI_IMAGES = YES;
				DEBUG_INFORMATION_FORMAT = dwarf;
				DEFINES_MODULE = YES;
				DYLIB_COMPATIBILITY_VERSION = 1;
				DYLIB_CURRENT_VERSION = 1;
				DYLIB_INSTALL_NAME_BASE = "@rpath";
				ENABLE_TESTABILITY = YES;
				FRAMEWORK_SEARCH_PATHS = (
					"$(inherited)",
					"$(PROJECT_DIR)/Carthage/Build/Mac",
				);
				FRAMEWORK_VERSION = A;
				HEADER_SEARCH_PATHS = "$(SDKROOT)/usr/include/libxml2";
				INFOPLIST_FILE = "ReactiveBeaver-OSX/Info.plist";
				INSTALL_PATH = "$(LOCAL_LIBRARY_DIR)/Frameworks";
				LD_RUNPATH_SEARCH_PATHS = "$(inherited) @executable_path/../Frameworks @loader_path/Frameworks";
				MACOSX_DEPLOYMENT_TARGET = 10.10;
				PRODUCT_BUNDLE_IDENTIFIER = com.skyylex.ReactiveBeaverOSX;
				PRODUCT_NAME = "$(TARGET_NAME)";
				SDKROOT = macosx;
				SKIP_INSTALL = YES;
			};
			name = Debug;
		};
		4299107A1BECFFCF0028EA30 /* Release */ = {
			isa = XCBuildConfiguration;
			baseConfigurationReference = A5E35529D63B3B1D970F2495 /* Pods-ReactiveBeaverOSX.release.xcconfig */;
			buildSettings = {
				CLANG_ALLOW_NON_MODULAR_INCLUDES_IN_FRAMEWORK_MODULES = YES;
				CODE_SIGN_IDENTITY = "-";
				COMBINE_HIDPI_IMAGES = YES;
				DEFINES_MODULE = YES;
				DYLIB_COMPATIBILITY_VERSION = 1;
				DYLIB_CURRENT_VERSION = 1;
				DYLIB_INSTALL_NAME_BASE = "@rpath";
				FRAMEWORK_SEARCH_PATHS = (
					"$(inherited)",
					"$(PROJECT_DIR)/Carthage/Build/Mac",
				);
				FRAMEWORK_VERSION = A;
				HEADER_SEARCH_PATHS = "$(SDKROOT)/usr/include/libxml2";
				INFOPLIST_FILE = "ReactiveBeaver-OSX/Info.plist";
				INSTALL_PATH = "$(LOCAL_LIBRARY_DIR)/Frameworks";
				LD_RUNPATH_SEARCH_PATHS = "$(inherited) @executable_path/../Frameworks @loader_path/Frameworks";
				MACOSX_DEPLOYMENT_TARGET = 10.10;
				PRODUCT_BUNDLE_IDENTIFIER = com.skyylex.ReactiveBeaverOSX;
				PRODUCT_NAME = "$(TARGET_NAME)";
				SDKROOT = macosx;
				SKIP_INSTALL = YES;
			};
			name = Release;
		};
		42B0BA6A1BED1095002C7B85 /* Debug */ = {
			isa = XCBuildConfiguration;
			baseConfigurationReference = EC74E05285CB683679CAE5AC /* Pods-ReactiveBeaveriOS.debug.xcconfig */;
			buildSettings = {
				ALWAYS_SEARCH_USER_PATHS = YES;
				CLANG_ALLOW_NON_MODULAR_INCLUDES_IN_FRAMEWORK_MODULES = YES;
				DEBUG_INFORMATION_FORMAT = dwarf;
				DEFINES_MODULE = YES;
				DYLIB_COMPATIBILITY_VERSION = 1;
				DYLIB_CURRENT_VERSION = 1;
				DYLIB_INSTALL_NAME_BASE = "@rpath";
				ENABLE_TESTABILITY = YES;
				FRAMEWORK_SEARCH_PATHS = (
					"$(inherited)/**",
					"$(PROJECT_DIR)/Carthage/Build/iOS/**",
				);
				HEADER_SEARCH_PATHS = "$(SDKROOT)/usr/include/libxml2";
				INFOPLIST_FILE = ReactiveBeaveriOS/Info.plist;
				INSTALL_PATH = "$(LOCAL_LIBRARY_DIR)/Frameworks";
				IPHONEOS_DEPLOYMENT_TARGET = 8.0;
				LD_RUNPATH_SEARCH_PATHS = "$(inherited) @executable_path/Frameworks @loader_path/Frameworks";
				LIBRARY_SEARCH_PATHS = "$(PROJECT_DIR)/**";
				PRODUCT_BUNDLE_IDENTIFIER = com.skyylex.ReactiveBeaveriOS;
				PRODUCT_NAME = "$(TARGET_NAME)";
				SKIP_INSTALL = YES;
			};
			name = Debug;
		};
		42B0BA6B1BED1095002C7B85 /* Release */ = {
			isa = XCBuildConfiguration;
			baseConfigurationReference = 5DA57677DA70034DAD988795 /* Pods-ReactiveBeaveriOS.release.xcconfig */;
			buildSettings = {
				ALWAYS_SEARCH_USER_PATHS = YES;
				CLANG_ALLOW_NON_MODULAR_INCLUDES_IN_FRAMEWORK_MODULES = YES;
				DEFINES_MODULE = YES;
				DYLIB_COMPATIBILITY_VERSION = 1;
				DYLIB_CURRENT_VERSION = 1;
				DYLIB_INSTALL_NAME_BASE = "@rpath";
				FRAMEWORK_SEARCH_PATHS = (
					"$(inherited)/**",
					"$(PROJECT_DIR)/Carthage/Build/iOS/**",
				);
				HEADER_SEARCH_PATHS = "$(SDKROOT)/usr/include/libxml2";
				INFOPLIST_FILE = ReactiveBeaveriOS/Info.plist;
				INSTALL_PATH = "$(LOCAL_LIBRARY_DIR)/Frameworks";
				IPHONEOS_DEPLOYMENT_TARGET = 8.0;
				LD_RUNPATH_SEARCH_PATHS = "$(inherited) @executable_path/Frameworks @loader_path/Frameworks";
				LIBRARY_SEARCH_PATHS = "$(PROJECT_DIR)/**";
				PRODUCT_BUNDLE_IDENTIFIER = com.skyylex.ReactiveBeaveriOS;
				PRODUCT_NAME = "$(TARGET_NAME)";
				SKIP_INSTALL = YES;
			};
			name = Release;
		};
/* End XCBuildConfiguration section */

/* Begin XCConfigurationList section */
		4206D1831B052C65007F227A /* Build configuration list for PBXProject "ReactiveBeaver" */ = {
			isa = XCConfigurationList;
			buildConfigurations = (
				4206D19D1B052C66007F227A /* Debug */,
				4206D19E1B052C66007F227A /* Release */,
			);
			defaultConfigurationIsVisible = 0;
			defaultConfigurationName = Release;
		};
		4206D1A21B052C66007F227A /* Build configuration list for PBXNativeTarget "ReactiveBeaverTests" */ = {
			isa = XCConfigurationList;
			buildConfigurations = (
				4206D1A31B052C66007F227A /* Debug */,
				4206D1A41B052C66007F227A /* Release */,
			);
			defaultConfigurationIsVisible = 0;
			defaultConfigurationName = Release;
		};
		4299107B1BECFFCF0028EA30 /* Build configuration list for PBXNativeTarget "ReactiveBeaverOSX" */ = {
			isa = XCConfigurationList;
			buildConfigurations = (
				429910791BECFFCF0028EA30 /* Debug */,
				4299107A1BECFFCF0028EA30 /* Release */,
			);
			defaultConfigurationIsVisible = 0;
			defaultConfigurationName = Release;
		};
		42B0BA691BED1095002C7B85 /* Build configuration list for PBXNativeTarget "ReactiveBeaveriOS" */ = {
			isa = XCConfigurationList;
			buildConfigurations = (
				42B0BA6A1BED1095002C7B85 /* Debug */,
				42B0BA6B1BED1095002C7B85 /* Release */,
			);
			defaultConfigurationIsVisible = 0;
			defaultConfigurationName = Release;
		};
/* End XCConfigurationList section */
	};
	rootObject = 4206D1801B052C65007F227A /* Project object */;
}
